
Microsoft Visual Studio Solution File, Format Version 12.00
# Visual Studio Version 17
VisualStudioVersion = 17.9.34622.214
MinimumVisualStudioVersion = 10.0.40219.1
Project("{FAE04EC0-301F-11D3-BF4B-00C04F79EFBC}") = "Module4", "Module4\Module4.csproj", "{C2342249-6BE4-4ABC-8D4B-DCF5187DCE13}"
EndProject
Project("{FAE04EC0-301F-11D3-BF4B-00C04F79EFBC}") = "Module4WPF", "Module4WPF\Module4WPF.csproj", "{418879ED-9B53-4241-9C05-3EF784CB0A81}"
EndProject
Global
	GlobalSection(SolutionConfigurationPlatforms) = preSolution
		Debug|Any CPU = Debug|Any CPU
		Release|Any CPU = Release|Any CPU
	EndGlobalSection
	GlobalSection(ProjectConfigurationPlatforms) = postSolution
		{C2342249-6BE4-4ABC-8D4B-DCF5187DCE13}.Debug|Any CPU.ActiveCfg = Debug|Any CPU
		{C2342249-6BE4-4ABC-8D4B-DCF5187DCE13}.Debug|Any CPU.Build.0 = Debug|Any CPU
		{C2342249-6BE4-4ABC-8D4B-DCF5187DCE13}.Release|Any CPU.ActiveCfg = Release|Any CPU
		{C2342249-6BE4-4ABC-8D4B-DCF5187DCE13}.Release|Any CPU.Build.0 = Release|Any CPU
		{418879ED-9B53-4241-9C05-3EF784CB0A81}.Debug|Any CPU.ActiveCfg = Debug|Any CPU
		{418879ED-9B53-4241-9C05-3EF784CB0A81}.Debug|Any CPU.Build.0 = Debug|Any CPU
		{418879ED-9B53-4241-9C05-3EF784CB0A81}.Release|Any CPU.ActiveCfg = Release|Any CPU
		{418879ED-9B53-4241-9C05-3EF784CB0A81}.Release|Any CPU.Build.0 = Release|Any CPU
	EndGlobalSection
	GlobalSection(SolutionProperties) = preSolution
		HideSolutionNode = FALSE
	EndGlobalSection
	GlobalSection(ExtensibilityGlobals) = postSolution
		SolutionGuid = {F26771B6-6749-4078-8908-BB4A71BED6C2}
	EndGlobalSection
EndGlobal
